
Microsoft Visual Studio Solution File, Format Version 12.00
# Visual Studio Version 17
VisualStudioVersion = 17.14.36310.24
MinimumVisualStudioVersion = 10.0.40219.1
Project("{2150E333-8FDC-42A3-9474-1A3956D46DE8}") = "Aplication", "Aplication", "{02EA681E-C7D8-13C7-8484-4AC65E1B71E8}"
EndProject
Project("{2150E333-8FDC-42A3-9474-1A3956D46DE8}") = "Domain", "Domain", "{41C794A7-2609-42F6-BFF9-4506A113A835}"
EndProject
Project("{2150E333-8FDC-42A3-9474-1A3956D46DE8}") = "Infrastructure", "Infrastructure", "{F29B7616-D5F3-4E43-B902-A39F27209A62}"
EndProject
Project("{FAE04EC0-301F-11D3-BF4B-00C04F79EFBC}") = "SalesDatePrediction.Domain", "SalesDatePrediction.Domain\SalesDatePrediction.Domain.csproj", "{1E9BB145-63DC-4D8B-9496-F38604F3CA89}"
EndProject
Project("{FAE04EC0-301F-11D3-BF4B-00C04F79EFBC}") = "SalesDatePrediction.Infrastructure", "SalesDatePrediction.Infrastructure\SalesDatePrediction.Infrastructure.csproj", "{148149E2-9C39-432F-9D52-A5C9A306C2B6}"
EndProject
Project("{2150E333-8FDC-42A3-9474-1A3956D46DE8}") = "IoC", "IoC", "{85344C9E-85D3-493C-87AD-E68F0D5B357E}"
EndProject
Project("{FAE04EC0-301F-11D3-BF4B-00C04F79EFBC}") = "SalesDatePrediction.IoC", "SalesDatePrediction.IoC\SalesDatePrediction.IoC.csproj", "{5D30BFDE-263E-4C64-9E3E-E6DA635988C7}"
EndProject
Project("{FAE04EC0-301F-11D3-BF4B-00C04F79EFBC}") = "SalesDatePrediction.Aplication", "SalesDatePrediction.Aplication\SalesDatePrediction.Aplication.csproj", "{F4092A8A-2E34-4E5F-BBE3-C4A7704D8B08}"
EndProject
Project("{2150E333-8FDC-42A3-9474-1A3956D46DE8}") = "Presentation", "Presentation", "{254A2B3F-D108-4318-AD3D-F42AE603E6A4}"
EndProject
Project("{2150E333-8FDC-42A3-9474-1A3956D46DE8}") = "Api", "Api", "{B7D11592-8B8C-4A31-A9B0-D066EB996B69}"
EndProject
Project("{FAE04EC0-301F-11D3-BF4B-00C04F79EFBC}") = "SalesDatePrediction.API", "SalesDatePrediction.API\SalesDatePrediction.API.csproj", "{F8DC1C44-424F-4696-94F4-39946931A648}"
EndProject
Project("{2150E333-8FDC-42A3-9474-1A3956D46DE8}") = "src", "src", "{8E5CEF60-D120-4894-9EB1-F31FF877995D}"
EndProject
Project("{2150E333-8FDC-42A3-9474-1A3956D46DE8}") = "Test", "Test", "{09F3D07B-1956-4910-A6DA-086BA8FD3287}"
EndProject
Project("{FAE04EC0-301F-11D3-BF4B-00C04F79EFBC}") = "SalesDatePrediction.Test", "SalesDatePrediction.Test\SalesDatePrediction.Test.csproj", "{173894F6-6196-44A2-9354-BCFA68343B7B}"
EndProject
Global
	GlobalSection(SolutionConfigurationPlatforms) = preSolution
		Debug|Any CPU = Debug|Any CPU
		Release|Any CPU = Release|Any CPU
	EndGlobalSection
	GlobalSection(ProjectConfigurationPlatforms) = postSolution
		{1E9BB145-63DC-4D8B-9496-F38604F3CA89}.Debug|Any CPU.ActiveCfg = Debug|Any CPU
		{1E9BB145-63DC-4D8B-9496-F38604F3CA89}.Debug|Any CPU.Build.0 = Debug|Any CPU
		{1E9BB145-63DC-4D8B-9496-F38604F3CA89}.Release|Any CPU.ActiveCfg = Release|Any CPU
		{1E9BB145-63DC-4D8B-9496-F38604F3CA89}.Release|Any CPU.Build.0 = Release|Any CPU
		{148149E2-9C39-432F-9D52-A5C9A306C2B6}.Debug|Any CPU.ActiveCfg = Debug|Any CPU
		{148149E2-9C39-432F-9D52-A5C9A306C2B6}.Debug|Any CPU.Build.0 = Debug|Any CPU
		{148149E2-9C39-432F-9D52-A5C9A306C2B6}.Release|Any CPU.ActiveCfg = Release|Any CPU
		{148149E2-9C39-432F-9D52-A5C9A306C2B6}.Release|Any CPU.Build.0 = Release|Any CPU
		{5D30BFDE-263E-4C64-9E3E-E6DA635988C7}.Debug|Any CPU.ActiveCfg = Debug|Any CPU
		{5D30BFDE-263E-4C64-9E3E-E6DA635988C7}.Debug|Any CPU.Build.0 = Debug|Any CPU
		{5D30BFDE-263E-4C64-9E3E-E6DA635988C7}.Release|Any CPU.ActiveCfg = Release|Any CPU
		{5D30BFDE-263E-4C64-9E3E-E6DA635988C7}.Release|Any CPU.Build.0 = Release|Any CPU
		{F4092A8A-2E34-4E5F-BBE3-C4A7704D8B08}.Debug|Any CPU.ActiveCfg = Debug|Any CPU
		{F4092A8A-2E34-4E5F-BBE3-C4A7704D8B08}.Debug|Any CPU.Build.0 = Debug|Any CPU
		{F4092A8A-2E34-4E5F-BBE3-C4A7704D8B08}.Release|Any CPU.ActiveCfg = Release|Any CPU
		{F4092A8A-2E34-4E5F-BBE3-C4A7704D8B08}.Release|Any CPU.Build.0 = Release|Any CPU
		{F8DC1C44-424F-4696-94F4-39946931A648}.Debug|Any CPU.ActiveCfg = Debug|Any CPU
		{F8DC1C44-424F-4696-94F4-39946931A648}.Debug|Any CPU.Build.0 = Debug|Any CPU
		{F8DC1C44-424F-4696-94F4-39946931A648}.Release|Any CPU.ActiveCfg = Release|Any CPU
		{F8DC1C44-424F-4696-94F4-39946931A648}.Release|Any CPU.Build.0 = Release|Any CPU
		{173894F6-6196-44A2-9354-BCFA68343B7B}.Debug|Any CPU.ActiveCfg = Debug|Any CPU
		{173894F6-6196-44A2-9354-BCFA68343B7B}.Debug|Any CPU.Build.0 = Debug|Any CPU
		{173894F6-6196-44A2-9354-BCFA68343B7B}.Release|Any CPU.ActiveCfg = Release|Any CPU
		{173894F6-6196-44A2-9354-BCFA68343B7B}.Release|Any CPU.Build.0 = Release|Any CPU
	EndGlobalSection
	GlobalSection(SolutionProperties) = preSolution
		HideSolutionNode = FALSE
	EndGlobalSection
	GlobalSection(NestedProjects) = preSolution
		{02EA681E-C7D8-13C7-8484-4AC65E1B71E8} = {8E5CEF60-D120-4894-9EB1-F31FF877995D}
		{41C794A7-2609-42F6-BFF9-4506A113A835} = {8E5CEF60-D120-4894-9EB1-F31FF877995D}
		{F29B7616-D5F3-4E43-B902-A39F27209A62} = {8E5CEF60-D120-4894-9EB1-F31FF877995D}
		{1E9BB145-63DC-4D8B-9496-F38604F3CA89} = {41C794A7-2609-42F6-BFF9-4506A113A835}
		{148149E2-9C39-432F-9D52-A5C9A306C2B6} = {F29B7616-D5F3-4E43-B902-A39F27209A62}
		{85344C9E-85D3-493C-87AD-E68F0D5B357E} = {8E5CEF60-D120-4894-9EB1-F31FF877995D}
		{5D30BFDE-263E-4C64-9E3E-E6DA635988C7} = {85344C9E-85D3-493C-87AD-E68F0D5B357E}
		{F4092A8A-2E34-4E5F-BBE3-C4A7704D8B08} = {02EA681E-C7D8-13C7-8484-4AC65E1B71E8}
		{254A2B3F-D108-4318-AD3D-F42AE603E6A4} = {8E5CEF60-D120-4894-9EB1-F31FF877995D}
		{B7D11592-8B8C-4A31-A9B0-D066EB996B69} = {254A2B3F-D108-4318-AD3D-F42AE603E6A4}
		{F8DC1C44-424F-4696-94F4-39946931A648} = {B7D11592-8B8C-4A31-A9B0-D066EB996B69}
		{173894F6-6196-44A2-9354-BCFA68343B7B} = {09F3D07B-1956-4910-A6DA-086BA8FD3287}
	EndGlobalSection
	GlobalSection(ExtensibilityGlobals) = postSolution
		SolutionGuid = {ED79BE77-83AA-4210-8B7A-125C32CE46BF}
	EndGlobalSection
EndGlobal
